lockfileVersion: '9.0'

settings:
  autoInstallPeers: true
  excludeLinksFromLockfile: false

importers:

  .:
    dependencies:
      '@inquirer/prompts':
        specifier: ^7.0.1
        version: 7.0.1(@types/node@22.8.4)
      fs:
        specifier: ^0.0.2
        version: 0.0.2
      fs-extra:
        specifier: ^11.1.1
        version: 11.2.0
      minimist:
        specifier: ^1.2.8
        version: 1.2.8
      picocolors:
        specifier: ^1.1.1
        version: 1.1.1
    devDependencies:
      '@types/minimist':
        specifier: ^1.2.5
        version: 1.2.5
      '@types/node':
        specifier: ^22.8.4
        version: 22.8.4
      typescript:
        specifier: ^5.6.3
        version: 5.6.3

packages:

  '@inquirer/checkbox@4.0.1':
    resolution: {integrity: sha512-ehJjmNPdguajc1hStvjN7DJNVjwG5LC1mgGMGFjCmdkn2fxB2GtULftMnlaqNmvMdPpqdaSoOFpl86VkLtG4pQ==}
    engines: {node: '>=18'}
    peerDependencies:
      '@types/node': '>=18'

  '@inquirer/confirm@5.0.1':
    resolution: {integrity: sha512-6ycMm7k7NUApiMGfVc32yIPp28iPKxhGRMqoNDiUjq2RyTAkbs5Fx0TdzBqhabcKvniDdAAvHCmsRjnNfTsogw==}
    engines: {node: '>=18'}
    peerDependencies:
      '@types/node': '>=18'

  '@inquirer/core@10.0.1':
    resolution: {integrity: sha512-KKTgjViBQUi3AAssqjUFMnMO3CM3qwCHvePV9EW+zTKGKafFGFF01sc1yOIYjLJ7QU52G/FbzKc+c01WLzXmVQ==}
    engines: {node: '>=18'}

  '@inquirer/editor@4.0.1':
    resolution: {integrity: sha512-qAHHJ6hs343eNtCKgV2wV5CImFxYG8J1pl/YCeI5w9VoW7QpulRUU26+4NsMhjR6zDRjKBsH/rRjCIcaAOHsrg==}
    engines: {node: '>=18'}
    peerDependencies:
      '@types/node': '>=18'

  '@inquirer/expand@4.0.1':
    resolution: {integrity: sha512-9anjpdc802YInXekwePsa5LWySzVMHbhVS6v6n5IJxrl8w09mODOeP69wZ1d0WrOvot2buQSmYp4lW/pq8y+zQ==}
    engines: {node: '>=18'}
    peerDependencies:
      '@types/node': '>=18'

  '@inquirer/figures@1.0.7':
    resolution: {integrity: sha512-m+Trk77mp54Zma6xLkLuY+mvanPxlE4A7yNKs2HBiyZ4UkVs28Mv5c/pgWrHeInx+USHeX/WEPzjrWrcJiQgjw==}
    engines: {node: '>=18'}

  '@inquirer/input@4.0.1':
    resolution: {integrity: sha512-m+SliZ2m43cDRIpAdQxfv5QOeAQCuhS8TGLvtzEP1An4IH1kBES4RLMRgE/fC+z29aN8qYG8Tq/eXQQKTYwqAg==}
    engines: {node: '>=18'}
    peerDependencies:
      '@types/node': '>=18'

  '@inquirer/number@3.0.1':
    resolution: {integrity: sha512-gF3erqfm0snpwBjbyKXUUe17QJ7ebm49btXApajrM0rgCCoYX0o9W5NCuYNae87iPxaIJVjtuoQ42DX32IdbMA==}
    engines: {node: '>=18'}
    peerDependencies:
      '@types/node': '>=18'

  '@inquirer/password@4.0.1':
    resolution: {integrity: sha512-D7zUuX4l4ZpL3D7/SWu9ibijP09jigwHi/gfUHLx5GMS5oXzuMfPV2xPMG1tskco4enTx70HA0VtMXecerpvbg==}
    engines: {node: '>=18'}
    peerDependencies:
      '@types/node': '>=18'

  '@inquirer/prompts@7.0.1':
    resolution: {integrity: sha512-cu2CpGC2hz7WTt2VBvdkzahDvYice6vYA/8Dm7Fy3tRNzKuQTF2EY3CV4H2GamveWE6tA2XzyXtbWX8+t4WMQg==}
    engines: {node: '>=18'}
    peerDependencies:
      '@types/node': '>=18'

  '@inquirer/rawlist@4.0.1':
    resolution: {integrity: sha512-0LuMOgaWs7W8JNcbiKkoFwyWFDEeCmLqDCygF0hidQUVa6J5grFVRZxrpompiWDFM49Km2rf7WoZwRo1uf1yWQ==}
    engines: {node: '>=18'}
    peerDependencies:
      '@types/node': '>=18'

  '@inquirer/search@3.0.1':
    resolution: {integrity: sha512-ehMqjiO0pAf+KtdONKeCLVy4i3fy3feyRRhDrvzWhiwB8JccgKn7eHFr39l+Nx/FaZAhr0YxIJvkK5NuNvG+Ww==}
    engines: {node: '>=18'}
    peerDependencies:
      '@types/node': '>=18'

  '@inquirer/select@4.0.1':
    resolution: {integrity: sha512-tVRatFRGU49bxFCKi/3P+C0E13KZduNFbWuHWRx0L2+jbiyKRpXgHp9qiRHWRk/KarhYBXzH/di6w3VQ5aJd5w==}
    engines: {node: '>=18'}
    peerDependencies:
      '@types/node': '>=18'

  '@inquirer/type@3.0.0':
    resolution: {integrity: sha512-YYykfbw/lefC7yKj7nanzQXILM7r3suIvyFlCcMskc99axmsSewXWkAfXKwMbgxL76iAFVmRwmYdwNZNc8gjog==}
    engines: {node: '>=18'}
    peerDependencies:
      '@types/node': '>=18'

  '@types/minimist@1.2.5':
    resolution: {integrity: sha512-hov8bUuiLiyFPGyFPE1lwWhmzYbirOXQNNo40+y3zow8aFVTeyn3VWL0VFFfdNddA8S4Vf0Tc062rzyNr7Paag==}

  '@types/node@22.8.4':
    resolution: {integrity: sha512-SpNNxkftTJOPk0oN+y2bIqurEXHTA2AOZ3EJDDKeJ5VzkvvORSvmQXGQarcOzWV1ac7DCaPBEdMDxBsM+d8jWw==}

  ansi-escapes@4.3.2:
    resolution: {integrity: sha512-gKXj5ALrKWQLsYG9jlTRmR/xKluxHV+Z9QEwNIgCfM1/uwPMCuzVVnh5mwTd+OuBZcwSIMbqssNWRm1lE51QaQ==}
    engines: {node: '>=8'}

  ansi-regex@5.0.1:
    resolution: {integrity: sha512-quJQXlTSUGL2LH9SUXo8VwsY4soanhgo6LNSm84E1LBcE8s3O0wpdiRzyR9z/ZZJMlMWv37qOOb9pdJlMUEKFQ==}
    engines: {node: '>=8'}

  ansi-styles@4.3.0:
    resolution: {integrity: sha512-zbB9rCJAT1rbjiVDb2hqKFHNYLxgtk8NURxZ3IZwD3F6NtxbXZQCnnSi1Lkx+IDohdPlFp222wVALIheZJQSEg==}
    engines: {node: '>=8'}

  chardet@0.7.0:
    resolution: {integrity: sha512-mT8iDcrh03qDGRRmoA2hmBJnxpllMR+0/0qlzjqZES6NdiWDcZkCNAk4rPFZ9Q85r27unkiNNg8ZOiwZXBHwcA==}

  cli-width@4.1.0:
    resolution: {integrity: sha512-ouuZd4/dm2Sw5Gmqy6bGyNNNe1qt9RpmxveLSO7KcgsTnU7RXfsw+/bukWGo1abgBiMAic068rclZsO4IWmmxQ==}
    engines: {node: '>= 12'}

  color-convert@2.0.1:
    resolution: {integrity: sha512-RRECPsj7iu/xb5oKYcsFHSppFNnsj/52OVTRKb4zP5onXwVF3zVmmToNcOfGC+CRDpfK/U584fMg38ZHCaElKQ==}
    engines: {node: '>=7.0.0'}

  color-name@1.1.4:
    resolution: {integrity: sha512-dOy+3AuW3a2wNbZHIuMZpTcgjGuLU/uBL/ubcZF9OXbDo8ff4O8yVp5Bf0efS8uEoYo5q4Fx7dY9OgQGXgAsQA==}

  emoji-regex@8.0.0:
    resolution: {integrity: sha512-MSjYzcWNOA0ewAHpz0MxpYFvwg6yjy1NG3xteoqz644VCo/RPgnr1/GGt+ic3iJTzQ8Eu3TdM14SawnVUmGE6A==}

  external-editor@3.1.0:
    resolution: {integrity: sha512-hMQ4CX1p1izmuLYyZqLMO/qGNw10wSv9QDCPfzXfyFrOaCSSoRfqE1Kf1s5an66J5JZC62NewG+mK49jOCtQew==}
    engines: {node: '>=4'}

  fs-extra@11.2.0:
    resolution: {integrity: sha512-PmDi3uwK5nFuXh7XDTlVnS17xJS7vW36is2+w3xcv8SVxiB4NyATf4ctkVY5bkSjX0Y4nbvZCq1/EjtEyr9ktw==}
    engines: {node: '>=14.14'}

  fs@0.0.2:
    resolution: {integrity: sha512-YAiVokMCrSIFZiroB1oz51hPiPRVcUtSa4x2U5RYXyhS9VAPdiFigKbPTnOSq7XY8wd3FIVPYmXpo5lMzFmxgg==}

  graceful-fs@4.2.11:
    resolution: {integrity: sha512-RbJ5/jmFcNNCcDV5o9eTnBLJ/HszWV0P73bc+Ff4nS/rJj+YaS6IGyiOL0VoBYX+l1Wrl3k63h/KrH+nhJ0XvQ==}

  iconv-lite@0.4.24:
    resolution: {integrity: sha512-v3MXnZAcvnywkTUEZomIActle7RXXeedOR31wwl7VlyoXO4Qi9arvSenNQWne1TcRwhCL1HwLI21bEqdpj8/rA==}
    engines: {node: '>=0.10.0'}

  is-fullwidth-code-point@3.0.0:
    resolution: {integrity: sha512-zymm5+u+sCsSWyD9qNaejV3DFvhCKclKdizYaJUuHA83RLjb7nSuGnddCHGv0hk+KY7BMAlsWeK4Ueg6EV6XQg==}
    engines: {node: '>=8'}

  jsonfile@6.1.0:
    resolution: {integrity: sha512-5dgndWOriYSm5cnYaJNhalLNDKOqFwyDB/rr1E9ZsGciGvKPs8R2xYGCacuf3z6K1YKDz182fd+fY3cn3pMqXQ==}

  minimist@1.2.8:
    resolution: {integrity: sha512-2yyAR8qBkN3YuheJanUpWC5U3bb5osDywNB8RzDVlDwDHbocAJveqqj1u8+SVD7jkWT4yvsHCpWqqWqAxb0zCA==}

  mute-stream@2.0.0:
    resolution: {integrity: sha512-WWdIxpyjEn+FhQJQQv9aQAYlHoNVdzIzUySNV1gHUPDSdZJ3yZn7pAAbQcV7B56Mvu881q9FZV+0Vx2xC44VWA==}
    engines: {node: ^18.17.0 || >=20.5.0}

  os-tmpdir@1.0.2:
    resolution: {integrity: sha512-D2FR03Vir7FIu45XBY20mTb+/ZSWB00sjU9jdQXt83gDrI4Ztz5Fs7/yy74g2N5SVQY4xY1qDr4rNddwYRVX0g==}
    engines: {node: '>=0.10.0'}

  picocolors@1.1.1:
    resolution: {integrity: sha512-xceH2snhtb5M9liqDsmEw56le376mTZkEX/jEb/RxNFyegNul7eNslCXP9FDj/Lcu0X8KEyMceP2ntpaHrDEVA==}

  safer-buffer@2.1.2:
    resolution: {integrity: sha512-YZo3K82SD7Riyi0E1EQPojLz7kpepnSQI9IyPbHHg1XXXevb5dJI7tpyN2ADxGcQbHG7vcyRHk0cbwqcQriUtg==}

  signal-exit@4.1.0:
    resolution: {integrity: sha512-bzyZ1e88w9O1iNJbKnOlvYTrWPDl46O1bG0D3XInv+9tkPrxrN8jUUTiFlDkkmKWgn1M6CfIA13SuGqOa9Korw==}
    engines: {node: '>=14'}

  string-width@4.2.3:
    resolution: {integrity: sha512-wKyQRQpjJ0sIp62ErSZdGsjMJWsap5oRNihHhu6G7JVO/9jIB6UyevL+tXuOqrng8j/cxKTWyWUwvSTriiZz/g==}
    engines: {node: '>=8'}

  strip-ansi@6.0.1:
    resolution: {integrity: sha512-Y38VPSHcqkFrCpFnQ9vuSXmquuv5oXOKpGeT6aGrr3o3Gc9AlVa6JBfUSOCnbxGGZF+/0ooI7KrPuUSztUdU5A==}
    engines: {node: '>=8'}

  tmp@0.0.33:
    resolution: {integrity: sha512-jRCJlojKnZ3addtTOjdIqoRuPEKBvNXcGYqzO6zWZX8KfKEpnGY5jfggJQ3EjKuu8D4bJRr0y+cYJFmYbImXGw==}
    engines: {node: '>=0.6.0'}

  type-fest@0.21.3:
    resolution: {integrity: sha512-t0rzBq87m3fVcduHDUFhKmyyX+9eo6WQjZvf51Ea/M0Q7+T374Jp1aUiyUl0GKxp8M/OETVHSDvmkyPgvX+X2w==}
    engines: {node: '>=10'}

  typescript@5.6.3:
    resolution: {integrity: sha512-hjcS1mhfuyi4WW8IWtjP7brDrG2cuDZukyrYrSauoXGNgx0S7zceP07adYkJycEr56BOUTNPzbInooiN3fn1qw==}
    engines: {node: '>=14.17'}
    hasBin: true

  undici-types@6.19.8:
    resolution: {integrity: sha512-ve2KP6f/JnbPBFyobGHuerC9g1FYGn/F8n1LWTwNxCEzd6IfqTwUQcNXgEtmmQ6DlRrC1hrSrBnCZPokRrDHjw==}

  universalify@2.0.1:
    resolution: {integrity: sha512-gptHNQghINnc/vTGIk0SOFGFNXw7JVrlRUtConJRlvaw6DuX0wO5Jeko9sWrMBhh+PsYAZ7oXAiOnf/UKogyiw==}
    engines: {node: '>= 10.0.0'}

  wrap-ansi@6.2.0:
    resolution: {integrity: sha512-r6lPcBGxZXlIcymEu7InxDMhdW0KDxpLgoFLcguasxCaJ/SOIZwINatK9KY/tf+ZrlywOKU0UDj3ATXUBfxJXA==}
    engines: {node: '>=8'}

  yoctocolors-cjs@2.1.2:
    resolution: {integrity: sha512-cYVsTjKl8b+FrnidjibDWskAv7UKOfcwaVZdp/it9n1s9fU3IkgDbhdIRKCW4JDsAlECJY0ytoVPT3sK6kideA==}
    engines: {node: '>=18'}

snapshots:

  '@inquirer/checkbox@4.0.1(@types/node@22.8.4)':
    dependencies:
      '@inquirer/core': 10.0.1(@types/node@22.8.4)
      '@inquirer/figures': 1.0.7
      '@inquirer/type': 3.0.0(@types/node@22.8.4)
      '@types/node': 22.8.4
      ansi-escapes: 4.3.2
      yoctocolors-cjs: 2.1.2

  '@inquirer/confirm@5.0.1(@types/node@22.8.4)':
    dependencies:
      '@inquirer/core': 10.0.1(@types/node@22.8.4)
      '@inquirer/type': 3.0.0(@types/node@22.8.4)
      '@types/node': 22.8.4

  '@inquirer/core@10.0.1(@types/node@22.8.4)':
    dependencies:
      '@inquirer/figures': 1.0.7
      '@inquirer/type': 3.0.0(@types/node@22.8.4)
      ansi-escapes: 4.3.2
      cli-width: 4.1.0
      mute-stream: 2.0.0
      signal-exit: 4.1.0
      strip-ansi: 6.0.1
      wrap-ansi: 6.2.0
      yoctocolors-cjs: 2.1.2
    transitivePeerDependencies:
      - '@types/node'

  '@inquirer/editor@4.0.1(@types/node@22.8.4)':
    dependencies:
      '@inquirer/core': 10.0.1(@types/node@22.8.4)
      '@inquirer/type': 3.0.0(@types/node@22.8.4)
      '@types/node': 22.8.4
      external-editor: 3.1.0

  '@inquirer/expand@4.0.1(@types/node@22.8.4)':
    dependencies:
      '@inquirer/core': 10.0.1(@types/node@22.8.4)
      '@inquirer/type': 3.0.0(@types/node@22.8.4)
      '@types/node': 22.8.4
      yoctocolors-cjs: 2.1.2

  '@inquirer/figures@1.0.7': {}

  '@inquirer/input@4.0.1(@types/node@22.8.4)':
    dependencies:
      '@inquirer/core': 10.0.1(@types/node@22.8.4)
      '@inquirer/type': 3.0.0(@types/node@22.8.4)
      '@types/node': 22.8.4

  '@inquirer/number@3.0.1(@types/node@22.8.4)':
    dependencies:
      '@inquirer/core': 10.0.1(@types/node@22.8.4)
      '@inquirer/type': 3.0.0(@types/node@22.8.4)
      '@types/node': 22.8.4

  '@inquirer/password@4.0.1(@types/node@22.8.4)':
    dependencies:
      '@inquirer/core': 10.0.1(@types/node@22.8.4)
      '@inquirer/type': 3.0.0(@types/node@22.8.4)
      '@types/node': 22.8.4
      ansi-escapes: 4.3.2

  '@inquirer/prompts@7.0.1(@types/node@22.8.4)':
    dependencies:
      '@inquirer/checkbox': 4.0.1(@types/node@22.8.4)
      '@inquirer/confirm': 5.0.1(@types/node@22.8.4)
      '@inquirer/editor': 4.0.1(@types/node@22.8.4)
      '@inquirer/expand': 4.0.1(@types/node@22.8.4)
      '@inquirer/input': 4.0.1(@types/node@22.8.4)
      '@inquirer/number': 3.0.1(@types/node@22.8.4)
      '@inquirer/password': 4.0.1(@types/node@22.8.4)
      '@inquirer/rawlist': 4.0.1(@types/node@22.8.4)
      '@inquirer/search': 3.0.1(@types/node@22.8.4)
      '@inquirer/select': 4.0.1(@types/node@22.8.4)
      '@types/node': 22.8.4

  '@inquirer/rawlist@4.0.1(@types/node@22.8.4)':
    dependencies:
      '@inquirer/core': 10.0.1(@types/node@22.8.4)
      '@inquirer/type': 3.0.0(@types/node@22.8.4)
      '@types/node': 22.8.4
      yoctocolors-cjs: 2.1.2

  '@inquirer/search@3.0.1(@types/node@22.8.4)':
    dependencies:
      '@inquirer/core': 10.0.1(@types/node@22.8.4)
      '@inquirer/figures': 1.0.7
      '@inquirer/type': 3.0.0(@types/node@22.8.4)
      '@types/node': 22.8.4
      yoctocolors-cjs: 2.1.2

  '@inquirer/select@4.0.1(@types/node@22.8.4)':
    dependencies:
      '@inquirer/core': 10.0.1(@types/node@22.8.4)
      '@inquirer/figures': 1.0.7
      '@inquirer/type': 3.0.0(@types/node@22.8.4)
      '@types/node': 22.8.4
      ansi-escapes: 4.3.2
      yoctocolors-cjs: 2.1.2

  '@inquirer/type@3.0.0(@types/node@22.8.4)':
    dependencies:
      '@types/node': 22.8.4

  '@types/minimist@1.2.5': {}

  '@types/node@22.8.4':
    dependencies:
      undici-types: 6.19.8

  ansi-escapes@4.3.2:
    dependencies:
      type-fest: 0.21.3

  ansi-regex@5.0.1: {}

  ansi-styles@4.3.0:
    dependencies:
      color-convert: 2.0.1

  chardet@0.7.0: {}

  cli-width@4.1.0: {}

  color-convert@2.0.1:
    dependencies:
      color-name: 1.1.4

  color-name@1.1.4: {}

  emoji-regex@8.0.0: {}

  external-editor@3.1.0:
    dependencies:
      chardet: 0.7.0
      iconv-lite: 0.4.24
      tmp: 0.0.33

  fs-extra@11.2.0:
    dependencies:
      graceful-fs: 4.2.11
      jsonfile: 6.1.0
      universalify: 2.0.1

  fs@0.0.2: {}

  graceful-fs@4.2.11: {}

  iconv-lite@0.4.24:
    dependencies:
      safer-buffer: 2.1.2

  is-fullwidth-code-point@3.0.0: {}

  jsonfile@6.1.0:
    dependencies:
      universalify: 2.0.1
    optionalDependencies:
      graceful-fs: 4.2.11

  minimist@1.2.8: {}

  mute-stream@2.0.0: {}

  os-tmpdir@1.0.2: {}

  picocolors@1.1.1: {}

  safer-buffer@2.1.2: {}

  signal-exit@4.1.0: {}

  string-width@4.2.3:
    dependencies:
      emoji-regex: 8.0.0
      is-fullwidth-code-point: 3.0.0
      strip-ansi: 6.0.1

  strip-ansi@6.0.1:
    dependencies:
      ansi-regex: 5.0.1

  tmp@0.0.33:
    dependencies:
      os-tmpdir: 1.0.2

  type-fest@0.21.3: {}

  typescript@5.6.3: {}

  undici-types@6.19.8: {}

  universalify@2.0.1: {}

  wrap-ansi@6.2.0:
    dependencies:
      ansi-styles: 4.3.0
      string-width: 4.2.3
      strip-ansi: 6.0.1

  yoctocolors-cjs@2.1.2: {}
